// !$*UTF8*$!
{
	archiveVersion = 1;
	classes = {
	};
	objectVersion = 46;
	objects = {

/* Begin PBXGroup section */
		2BFB14041AC8817600B0CB4D = {
			isa = PBXGroup;
			children = (
			);
			sourceTree = "<group>";
		};
/* End PBXGroup section */

/* Begin PBXProject section */
		2BFB14051AC8817600B0CB4D /* Project object */ = {
			isa = PBXProject;
			attributes = {
				LastUpgradeCheck = 0620;
			};
			buildConfigurationList = 2BFB14081AC8817600B0CB4D /* Build configuration list for PBXProject "Starship Fontanna" */;
			compatibilityVersion = "Xcode 3.2";
			developmentRegion = English;
			hasScannedForEncodings = 0;
			knownRegions = (
				en,
			);
			mainGroup = 2BFB14041AC8817600B0CB4D;
			projectDirPath = "";
			projectRoot = "";
			targets = (
			);
		};
/* End PBXProject section */

/* Begin XCBuildConfiguration section */
		2BFB14091AC8817600B0CB4D /* Debug */ = {
			isa = XCBuildConfiguration;
			buildSettings = {
			};
			name = Debug;
		};
		2BFB140A1AC8817600B0CB4D /* Release */ = {
			isa = XCBuildConfiguration;
			buildSettings = {
			};
			name = Release;
		};
/* End XCBuildConfiguration section */

/* Begin XCConfigurationList section */
		2BFB14081AC8817600B0CB4D /* Build configuration list for PBXProject "Starship Fontanna" */ = {
			isa = XCConfigurationList;
			buildConfigurations = (
				2BFB14091AC8817600B0CB4D /* Debug */,
				2BFB140A1AC8817600B0CB4D /* Release */,
			);
			defaultConfigurationIsVisible = 0;
			defaultConfigurationName = Release;
		};
/* End XCConfigurationList section */
	};
	rootObject = 2BFB14051AC8817600B0CB4D /* Project object */;
}
